
Microsoft Visual Studio Solution File, Format Version 12.00
# Visual Studio 14
VisualStudioVersion = 14.0.25420.1
MinimumVisualStudioVersion = 10.0.40219.1
Project("{FAE04EC0-301F-11D3-BF4B-00C04F79EFBC}") = "SalaryManagementSystem_UI", "SalaryManagementSystem_UI\SalaryManagementSystem_UI.csproj", "{A3FC80E4-72A3-419D-BB86-704161069BE2}"
EndProject
Project("{FAE04EC0-301F-11D3-BF4B-00C04F79EFBC}") = "SalaryManagementSystem_DataLayer", "SalaryManagementSystem_DataLayer\SalaryManagementSystem_DataLayer.csproj", "{C0D35C1F-79B9-4C06-A593-6E30BD789A70}"
EndProject
Project("{FAE04EC0-301F-11D3-BF4B-00C04F79EFBC}") = "SalaryManagementSystem_ViewModel", "SalaryManagementSystem_ViewModel\SalaryManagementSystem_ViewModel.csproj", "{88FB748D-59C1-40B3-9E76-86344FA91E1C}"
EndProject
Project("{FAE04EC0-301F-11D3-BF4B-00C04F79EFBC}") = "SalaryManagementSystem_Utility", "SalaryManagementSystem_Utility\SalaryManagementSystem_Utility.csproj", "{D5519819-0153-4AB5-AED1-4C004C554E98}"
EndProject
Global
	GlobalSection(SolutionConfigurationPlatforms) = preSolution
		Debug|Any CPU = Debug|Any CPU
		Release|Any CPU = Release|Any CPU
	EndGlobalSection
	GlobalSection(ProjectConfigurationPlatforms) = postSolution
		{A3FC80E4-72A3-419D-BB86-704161069BE2}.Debug|Any CPU.ActiveCfg = Debug|Any CPU
		{A3FC80E4-72A3-419D-BB86-704161069BE2}.Debug|Any CPU.Build.0 = Debug|Any CPU
		{A3FC80E4-72A3-419D-BB86-704161069BE2}.Release|Any CPU.ActiveCfg = Release|Any CPU
		{A3FC80E4-72A3-419D-BB86-704161069BE2}.Release|Any CPU.Build.0 = Release|Any CPU
		{C0D35C1F-79B9-4C06-A593-6E30BD789A70}.Debug|Any CPU.ActiveCfg = Debug|Any CPU
		{C0D35C1F-79B9-4C06-A593-6E30BD789A70}.Debug|Any CPU.Build.0 = Debug|Any CPU
		{C0D35C1F-79B9-4C06-A593-6E30BD789A70}.Release|Any CPU.ActiveCfg = Release|Any CPU
		{C0D35C1F-79B9-4C06-A593-6E30BD789A70}.Release|Any CPU.Build.0 = Release|Any CPU
		{88FB748D-59C1-40B3-9E76-86344FA91E1C}.Debug|Any CPU.ActiveCfg = Debug|Any CPU
		{88FB748D-59C1-40B3-9E76-86344FA91E1C}.Debug|Any CPU.Build.0 = Debug|Any CPU
		{88FB748D-59C1-40B3-9E76-86344FA91E1C}.Release|Any CPU.ActiveCfg = Release|Any CPU
		{88FB748D-59C1-40B3-9E76-86344FA91E1C}.Release|Any CPU.Build.0 = Release|Any CPU
		{D5519819-0153-4AB5-AED1-4C004C554E98}.Debug|Any CPU.ActiveCfg = Debug|Any CPU
		{D5519819-0153-4AB5-AED1-4C004C554E98}.Debug|Any CPU.Build.0 = Debug|Any CPU
		{D5519819-0153-4AB5-AED1-4C004C554E98}.Release|Any CPU.ActiveCfg = Release|Any CPU
		{D5519819-0153-4AB5-AED1-4C004C554E98}.Release|Any CPU.Build.0 = Release|Any CPU
	EndGlobalSection
	GlobalSection(SolutionProperties) = preSolution
		HideSolutionNode = FALSE
	EndGlobalSection
EndGlobal
